// !$*UTF8*$!
{
	archiveVersion = 1;
	classes = {
	};
	objectVersion = 48;
	objects = {

/* Begin PBXBuildFile section */
		D7E9458885CB28B5A4581767 /* Pods_ShoppingListMenager.framework in Frameworks */ = {isa = PBXBuildFile; fileRef = EB26216E549D45E1984332CA /* Pods_ShoppingListMenager.framework */; };
		F0EDAF2B1F90CF5D0092784D /* AppDelegate.swift in Sources */ = {isa = PBXBuildFile; fileRef = F0EDAF2A1F90CF5D0092784D /* AppDelegate.swift */; };
		F0EDAF2D1F90CF5D0092784D /* ViewController.swift in Sources */ = {isa = PBXBuildFile; fileRef = F0EDAF2C1F90CF5D0092784D /* ViewController.swift */; };
		F0EDAF301F90CF5D0092784D /* Main.storyboard in Resources */ = {isa = PBXBuildFile; fileRef = F0EDAF2E1F90CF5D0092784D /* Main.storyboard */; };
		F0EDAF321F90CF5D0092784D /* Assets.xcassets in Resources */ = {isa = PBXBuildFile; fileRef = F0EDAF311F90CF5D0092784D /* Assets.xcassets */; };
		F0EDAF351F90CF5D0092784D /* LaunchScreen.storyboard in Resources */ = {isa = PBXBuildFile; fileRef = F0EDAF331F90CF5D0092784D /* LaunchScreen.storyboard */; };
/* End PBXBuildFile section */

/* Begin PBXFileReference section */
		C5EC03F6C854EAF4934B3E0B /* Pods-ShoppingListMenager.debug.xcconfig */ = {isa = PBXFileReference; includeInIndex = 1; lastKnownFileType = text.xcconfig; name = "Pods-ShoppingListMenager.debug.xcconfig"; path = "Pods/Target Support Files/Pods-ShoppingListMenager/Pods-ShoppingListMenager.debug.xcconfig"; sourceTree = "<group>"; };
		D57604170656044B40D4F46B /* Pods-ShoppingListMenager.release.xcconfig */ = {isa = PBXFileReference; includeInIndex = 1; lastKnownFileType = text.xcconfig; name = "Pods-ShoppingListMenager.release.xcconfig"; path = "Pods/Target Support Files/Pods-ShoppingListMenager/Pods-ShoppingListMenager.release.xcconfig"; sourceTree = "<group>"; };
		EB26216E549D45E1984332CA /* Pods_ShoppingListMenager.framework */ = {isa = PBXFileReference; explicitFileType = wrapper.framework; includeInIndex = 0; path = Pods_ShoppingListMenager.framework; sourceTree = BUILT_PRODUCTS_DIR; };
		F0EDAF271F90CF5D0092784D /* ShoppingListMenager.app */ = {isa = PBXFileReference; explicitFileType = wrapper.application; includeInIndex = 0; path = ShoppingListMenager.app; sourceTree = BUILT_PRODUCTS_DIR; };
		F0EDAF2A1F90CF5D0092784D /* AppDelegate.swift */ = {isa = PBXFileReference; lastKnownFileType = sourcecode.swift; path = AppDelegate.swift; sourceTree = "<group>"; };
		F0EDAF2C1F90CF5D0092784D /* ViewController.swift */ = {isa = PBXFileReference; lastKnownFileType = sourcecode.swift; path = ViewController.swift; sourceTree = "<group>"; };
		F0EDAF2F1F90CF5D0092784D /* Base */ = {isa = PBXFileReference; lastKnownFileType = file.storyboard; name = Base; path = Base.lproj/Main.storyboard; sourceTree = "<group>"; };
		F0EDAF311F90CF5D0092784D /* Assets.xcassets */ = {isa = PBXFileReference; lastKnownFileType = folder.assetcatalog; path = Assets.xcassets; sourceTree = "<group>"; };
		F0EDAF341F90CF5D0092784D /* Base */ = {isa = PBXFileReference; lastKnownFileType = file.storyboard; name = Base; path = Base.lproj/LaunchScreen.storyboard; sourceTree = "<group>"; };
		F0EDAF361F90CF5D0092784D /* Info.plist */ = {isa = PBXFileReference; lastKnownFileType = text.plist.xml; path = Info.plist; sourceTree = "<group>"; };
/* End PBXFileReference section */

/* Begin PBXFrameworksBuildPhase section */
		F0EDAF241F90CF5D0092784D /* Frameworks */ = {
			isa = PBXFrameworksBuildPhase;
			buildActionMask = 2147483647;
			files = (
				D7E9458885CB28B5A4581767 /* Pods_ShoppingListMenager.framework in Frameworks */,
			);
			runOnlyForDeploymentPostprocessing = 0;
		};
/* End PBXFrameworksBuildPhase section */

/* Begin PBXGroup section */
		390BFC45BDDDA0597DFA021D /* Pods */ = {
			isa = PBXGroup;
			children = (
				C5EC03F6C854EAF4934B3E0B /* Pods-ShoppingListMenager.debug.xcconfig */,
				D57604170656044B40D4F46B /* Pods-ShoppingListMenager.release.xcconfig */,
			);
			name = Pods;
			sourceTree = "<group>";
		};
		6A305F7A4487955ED675ED5D /* Frameworks */ = {
			isa = PBXGroup;
			children = (
				EB26216E549D45E1984332CA /* Pods_ShoppingListMenager.framework */,
			);
			name = Frameworks;
			sourceTree = "<group>";
		};
		F0EDAF1E1F90CF5D0092784D = {
			isa = PBXGroup;
			children = (
				F0EDAF291F90CF5D0092784D /* ShoppingListMenager */,
				F0EDAF281F90CF5D0092784D /* Products */,
				390BFC45BDDDA0597DFA021D /* Pods */,
				6A305F7A4487955ED675ED5D /* Frameworks */,
			);
			sourceTree = "<group>";
		};
		F0EDAF281F90CF5D0092784D /* Products */ = {
			isa = PBXGroup;
			children = (
				F0EDAF271F90CF5D0092784D /* ShoppingListMenager.app */,
			);
			name = Products;
			sourceTree = "<group>";
		};
		F0EDAF291F90CF5D0092784D /* ShoppingListMenager */ = {
			isa = PBXGroup;
			children = (
				F0EDAF2A1F90CF5D0092784D /* AppDelegate.swift */,
				F0EDAF2C1F90CF5D0092784D /* ViewController.swift */,
				F0EDAF2E1F90CF5D0092784D /* Main.storyboard */,
				F0EDAF311F90CF5D0092784D /* Assets.xcassets */,
				F0EDAF331F90CF5D0092784D /* LaunchScreen.storyboard */,
				F0EDAF361F90CF5D0092784D /* Info.plist */,
			);
			path = ShoppingListMenager;
			sourceTree = "<group>";
		};
/* End PBXGroup section */

/* Begin PBXNativeTarget section */
		F0EDAF261F90CF5D0092784D /* ShoppingListMenager */ = {
			isa = PBXNativeTarget;
			buildConfigurationList = F0EDAF391F90CF5D0092784D /* Build configuration list for PBXNativeTarget "ShoppingListMenager" */;
			buildPhases = (
				B3786E2702DA31CFF91DE164 /* [CP] Check Pods Manifest.lock */,
				F0EDAF231F90CF5D0092784D /* Sources */,
				F0EDAF241F90CF5D0092784D /* Frameworks */,
				F0EDAF251F90CF5D0092784D /* Resources */,
				3A5B0FE3532DFA00764A74F1 /* [CP] Embed Pods Frameworks */,
				42C9B5B00590209366F4CF9A /* [CP] Copy Pods Resources */,
			);
			buildRules = (
			);
			dependencies = (
			);
			name = ShoppingListMenager;
			productName = ShoppingListMenager;
			productReference = F0EDAF271F90CF5D0092784D /* ShoppingListMenager.app */;
			productType = "com.apple.product-type.application";
		};
/* End PBXNativeTarget section */

/* Begin PBXProject section */
		F0EDAF1F1F90CF5D0092784D /* Project object */ = {
			isa = PBXProject;
			attributes = {
				LastSwiftUpdateCheck = 0900;
				LastUpgradeCheck = 0900;
				ORGANIZATIONNAME = "Krystian Bujak";
				TargetAttributes = {
					F0EDAF261F90CF5D0092784D = {
						CreatedOnToolsVersion = 9.0;
						ProvisioningStyle = Automatic;
					};
				};
			};
			buildConfigurationList = F0EDAF221F90CF5D0092784D /* Build configuration list for PBXProject "ShoppingListMenager" */;
			compatibilityVersion = "Xcode 8.0";
			developmentRegion = en;
			hasScannedForEncodings = 0;
			knownRegions = (
				en,
				Base,
			);
			mainGroup = F0EDAF1E1F90CF5D0092784D;
			productRefGroup = F0EDAF281F90CF5D0092784D /* Products */;
			projectDirPath = "";
			projectRoot = "";
			targets = (
				F0EDAF261F90CF5D0092784D /* ShoppingListMenager */,
			);
		};
/* End PBXProject section */

/* Begin PBXResourcesBuildPhase section */
		F0EDAF251F90CF5D0092784D /* Resources */ = {
			isa = PBXResourcesBuildPhase;
			buildActionMask = 2147483647;
			files = (
				F0EDAF351F90CF5D0092784D /* LaunchScreen.storyboard in Resources */,
				F0EDAF321F90CF5D0092784D /* Assets.xcassets in Resources */,
				F0EDAF301F90CF5D0092784D /* Main.storyboard in Resources */,
			);
			runOnlyForDeploymentPostprocessing = 0;
		};
/* End PBXResourcesBuildPhase section */

/* Begin PBXShellScriptBuildPhase section */
		3A5B0FE3532DFA00764A74F1 /* [CP] Embed Pods Frameworks */ = {
			isa = PBXShellScriptBuildPhase;
			buildActionMask = 2147483647;
			files = (
			);
			inputPaths = (
				"${SRCROOT}/Pods/Target Support Files/Pods-ShoppingListMenager/Pods-ShoppingListMenager-frameworks.sh",
				"${BUILT_PRODUCTS_DIR}/Realm/Realm.framework",
				"${BUILT_PRODUCTS_DIR}/RealmSwift/RealmSwift.framework",
			);
			name = "[CP] Embed Pods Frameworks";
			outputPaths = (
				"${TARGET_BUILD_DIR}/${FRAMEWORKS_FOLDER_PATH}/Realm.framework",
				"${TARGET_BUILD_DIR}/${FRAMEWORKS_FOLDER_PATH}/RealmSwift.framework",
			);
			runOnlyForDeploymentPostprocessing = 0;
			shellPath = /bin/sh;
			shellScript = "\"${SRCROOT}/Pods/Target Support Files/Pods-ShoppingListMenager/Pods-ShoppingListMenager-frameworks.sh\"\n";
			showEnvVarsInLog = 0;
		};
		42C9B5B00590209366F4CF9A /* [CP] Copy Pods Resources */ = {
			isa = PBXShellScriptBuildPhase;
			buildActionMask = 2147483647;
			files = (
			);
			inputPaths = (
			);
			name = "[CP] Copy Pods Resources";
			outputPaths = (
			);
			runOnlyForDeploymentPostprocessing = 0;
			shellPath = /bin/sh;
			shellScript = "\"${SRCROOT}/Pods/Target Support Files/Pods-ShoppingListMenager/Pods-ShoppingListMenager-resources.sh\"\n";
			showEnvVarsInLog = 0;
		};
		B3786E2702DA31CFF91DE164 /* [CP] Check Pods Manifest.lock */ = {
			isa = PBXShellScriptBuildPhase;
			buildActionMask = 2147483647;
			files = (
			);
			inputPaths = (
				"${PODS_PODFILE_DIR_PATH}/Podfile.lock",
				"${PODS_ROOT}/Manifest.lock",
			);
			name = "[CP] Check Pods Manifest.lock";
			outputPaths = (
				"$(DERIVED_FILE_DIR)/Pods-ShoppingListMenager-checkManifestLockResult.txt",
			);
			runOnlyForDeploymentPostprocessing = 0;
			shellPath = /bin/sh;
			shellScript = "diff \"${PODS_PODFILE_DIR_PATH}/Podfile.lock\" \"${PODS_ROOT}/Manifest.lock\" > /dev/null\nif [ $? != 0 ] ; then\n    # print error to STDERR\n    echo \"error: The sandbox is not in sync with the Podfile.lock. Run 'pod install' or update your CocoaPods installation.\" >&2\n    exit 1\nfi\n# This output is used by Xcode 'outputs' to avoid re-running this script phase.\necho \"SUCCESS\" > \"${SCRIPT_OUTPUT_FILE_0}\"\n";
			showEnvVarsInLog = 0;
		};
/* End PBXShellScriptBuildPhase section */

/* Begin PBXSourcesBuildPhase section */
		F0EDAF231F90CF5D0092784D /* Sources */ = {
			isa = PBXSourcesBuildPhase;
			buildActionMask = 2147483647;
			files = (
				F0EDAF2D1F90CF5D0092784D /* ViewController.swift in Sources */,
				F0EDAF2B1F90CF5D0092784D /* AppDelegate.swift in Sources */,
			);
			runOnlyForDeploymentPostprocessing = 0;
		};
/* End PBXSourcesBuildPhase section */

/* Begin PBXVariantGroup section */
		F0EDAF2E1F90CF5D0092784D /* Main.storyboard */ = {
			isa = PBXVariantGroup;
			children = (
				F0EDAF2F1F90CF5D0092784D /* Base */,
			);
			name = Main.storyboard;
			sourceTree = "<group>";
		};
		F0EDAF331F90CF5D0092784D /* LaunchScreen.storyboard */ = {
			isa = PBXVariantGroup;
			children = (
				F0EDAF341F90CF5D0092784D /* Base */,
			);
			name = LaunchScreen.storyboard;
			sourceTree = "<group>";
		};
/* End PBXVariantGroup section */

/* Begin XCBuildConfiguration section */
		F0EDAF371F90CF5D0092784D /* Debug */ = {
			isa = XCBuildConfiguration;
			buildSettings = {
				ALWAYS_SEARCH_USER_PATHS = NO;
				CLANG_ANALYZER_NONNULL = YES;
				CLANG_ANALYZER_NUMBER_OBJECT_CONVERSION = YES_AGGRESSIVE;
				CLANG_CXX_LANGUAGE_STANDARD = "gnu++14";
				CLANG_CXX_LIBRARY = "libc++";
				CLANG_ENABLE_MODULES = YES;
				CLANG_ENABLE_OBJC_ARC = YES;
				CLANG_WARN_BLOCK_CAPTURE_AUTORELEASING = YES;
				CLANG_WARN_BOOL_CONVERSION = YES;
				CLANG_WARN_COMMA = YES;
				CLANG_WARN_CONSTANT_CONVERSION = YES;
				CLANG_WARN_DIRECT_OBJC_ISA_USAGE = YES_ERROR;
				CLANG_WARN_DOCUMENTATION_COMMENTS = YES;
				CLANG_WARN_EMPTY_BODY = YES;
				CLANG_WARN_ENUM_CONVERSION = YES;
				CLANG_WARN_INFINITE_RECURSION = YES;
				CLANG_WARN_INT_CONVERSION = YES;
				CLANG_WARN_NON_LITERAL_NULL_CONVERSION = YES;
				CLANG_WARN_OBJC_LITERAL_CONVERSION = YES;
				CLANG_WARN_OBJC_ROOT_CLASS = YES_ERROR;
				CLANG_WARN_RANGE_LOOP_ANALYSIS = YES;
				CLANG_WARN_STRICT_PROTOTYPES = YES;
				CLANG_WARN_SUSPICIOUS_MOVE = YES;
				CLANG_WARN_UNGUARDED_AVAILABILITY = YES_AGGRESSIVE;
				CLANG_WARN_UNREACHABLE_CODE = YES;
				CLANG_WARN__DUPLICATE_METHOD_MATCH = YES;
				CODE_SIGN_IDENTITY = "iPhone Developer";
				COPY_PHASE_STRIP = NO;
				DEBUG_INFORMATION_FORMAT = dwarf;
				ENABLE_STRICT_OBJC_MSGSEND = YES;
				ENABLE_TESTABILITY = YES;
				GCC_C_LANGUAGE_STANDARD = gnu11;
				GCC_DYNAMIC_NO_PIC = NO;
				GCC_NO_COMMON_BLOCKS = YES;
				GCC_OPTIMIZATION_LEVEL = 0;
				GCC_PREPROCESSOR_DEFINITIONS = (
					"DEBUG=1",
					"$(inherited)",
				);
				GCC_WARN_64_TO_32_BIT_CONVERSION = YES;
				GCC_WARN_ABOUT_RETURN_TYPE = YES_ERROR;
				GCC_WARN_UNDECLARED_SELECTOR = YES;
				GCC_WARN_UNINITIALIZED_AUTOS = YES_AGGRESSIVE;
				GCC_WARN_UNUSED_FUNCTION = YES;
				GCC_WARN_UNUSED_VARIABLE = YES;
				IPHONEOS_DEPLOYMENT_TARGET = 11.0;
				MTL_ENABLE_DEBUG_INFO = YES;
				ONLY_ACTIVE_ARCH = YES;
				SDKROOT = iphoneos;
				SWIFT_ACTIVE_COMPILATION_CONDITIONS = DEBUG;
				SWIFT_OPTIMIZATION_LEVEL = "-Onone";
			};
			name = Debug;
		};
		F0EDAF381F90CF5D0092784D /* Release */ = {
			isa = XCBuildConfiguration;
			buildSettings = {
				ALWAYS_SEARCH_USER_PATHS = NO;
				CLANG_ANALYZER_NONNULL = YES;
				CLANG_ANALYZER_NUMBER_OBJECT_CONVERSION = YES_AGGRESSIVE;
				CLANG_CXX_LANGUAGE_STANDARD = "gnu++14";
				CLANG_CXX_LIBRARY = "libc++";
				CLANG_ENABLE_MODULES = YES;
				CLANG_ENABLE_OBJC_ARC = YES;
				CLANG_WARN_BLOCK_CAPTURE_AUTORELEASING = YES;
				CLANG_WARN_BOOL_CONVERSION = YES;
				CLANG_WARN_COMMA = YES;
				CLANG_WARN_CONSTANT_CONVERSION = YES;
				CLANG_WARN_DIRECT_OBJC_ISA_USAGE = YES_ERROR;
				CLANG_WARN_DOCUMENTATION_COMMENTS = YES;
				CLANG_WARN_EMPTY_BODY = YES;
				CLANG_WARN_ENUM_CONVERSION = YES;
				CLANG_WARN_INFINITE_RECURSION = YES;
				CLANG_WARN_INT_CONVERSION = YES;
				CLANG_WARN_NON_LITERAL_NULL_CONVERSION = YES;
				CLANG_WARN_OBJC_LITERAL_CONVERSION = YES;
				CLANG_WARN_OBJC_ROOT_CLASS = YES_ERROR;
				CLANG_WARN_RANGE_LOOP_ANALYSIS = YES;
				CLANG_WARN_STRICT_PROTOTYPES = YES;
				CLANG_WARN_SUSPICIOUS_MOVE = YES;
				CLANG_WARN_UNGUARDED_AVAILABILITY = YES_AGGRESSIVE;
				CLANG_WARN_UNREACHABLE_CODE = YES;
				CLANG_WARN__DUPLICATE_METHOD_MATCH = YES;
				CODE_SIGN_IDENTITY = "iPhone Developer";
				COPY_PHASE_STRIP = NO;
				DEBUG_INFORMATION_FORMAT = "dwarf-with-dsym";
				ENABLE_NS_ASSERTIONS = NO;
				ENABLE_STRICT_OBJC_MSGSEND = YES;
				GCC_C_LANGUAGE_STANDARD = gnu11;
				GCC_NO_COMMON_BLOCKS = YES;
				GCC_WARN_64_TO_32_BIT_CONVERSION = YES;
				GCC_WARN_ABOUT_RETURN_TYPE = YES_ERROR;
				GCC_WARN_UNDECLARED_SELECTOR = YES;
				GCC_WARN_UNINITIALIZED_AUTOS = YES_AGGRESSIVE;
				GCC_WARN_UNUSED_FUNCTION = YES;
				GCC_WARN_UNUSED_VARIABLE = YES;
				IPHONEOS_DEPLOYMENT_TARGET = 11.0;
				MTL_ENABLE_DEBUG_INFO = NO;
				SDKROOT = iphoneos;
				SWIFT_OPTIMIZATION_LEVEL = "-Owholemodule";
				VALIDATE_PRODUCT = YES;
			};
			name = Release;
		};
		F0EDAF3A1F90CF5D0092784D /* Debug */ = {
			isa = XCBuildConfiguration;
			baseConfigurationReference = C5EC03F6C854EAF4934B3E0B /* Pods-ShoppingListMenager.debug.xcconfig */;
			buildSettings = {
				ASSETCATALOG_COMPILER_APPICON_NAME = AppIcon;
				CODE_SIGN_STYLE = Automatic;
				DEVELOPMENT_TEAM = 4VV3H7446H;
				INFOPLIST_FILE = ShoppingListMenager/Info.plist;
				LD_RUNPATH_SEARCH_PATHS = "$(inherited) @executable_path/Frameworks";
				PRODUCT_BUNDLE_IDENTIFIER = pl.booyac.ShoppingListMenager;
				PRODUCT_NAME = "$(TARGET_NAME)";
				SWIFT_VERSION = 4.0;
				TARGETED_DEVICE_FAMILY = "1,2";
			};
			name = Debug;
		};
		F0EDAF3B1F90CF5D0092784D /* Release */ = {
			isa = XCBuildConfiguration;
			baseConfigurationReference = D57604170656044B40D4F46B /* Pods-ShoppingListMenager.release.xcconfig */;
			buildSettings = {
				ASSETCATALOG_COMPILER_APPICON_NAME = AppIcon;
				CODE_SIGN_STYLE = Automatic;
				DEVELOPMENT_TEAM = 4VV3H7446H;
				INFOPLIST_FILE = ShoppingListMenager/Info.plist;
				LD_RUNPATH_SEARCH_PATHS = "$(inherited) @executable_path/Frameworks";
				PRODUCT_BUNDLE_IDENTIFIER = pl.booyac.ShoppingListMenager;
				PRODUCT_NAME = "$(TARGET_NAME)";
				SWIFT_VERSION = 4.0;
				TARGETED_DEVICE_FAMILY = "1,2";
			};
			name = Release;
		};
/* End XCBuildConfiguration section */

/* Begin XCConfigurationList section */
		F0EDAF221F90CF5D0092784D /* Build configuration list for PBXProject "ShoppingListMenager" */ = {
			isa = XCConfigurationList;
			buildConfigurations = (
				F0EDAF371F90CF5D0092784D /* Debug */,
				F0EDAF381F90CF5D0092784D /* Release */,
			);
			defaultConfigurationIsVisible = 0;
			defaultConfigurationName = Release;
		};
		F0EDAF391F90CF5D0092784D /* Build configuration list for PBXNativeTarget "ShoppingListMenager" */ = {
			isa = XCConfigurationList;
			buildConfigurations = (
				F0EDAF3A1F90CF5D0092784D /* Debug */,
				F0EDAF3B1F90CF5D0092784D /* Release */,
			);
			defaultConfigurationIsVisible = 0;
			defaultConfigurationName = Release;
		};
/* End XCConfigurationList section */
	};
	rootObject = F0EDAF1F1F90CF5D0092784D /* Project object */;
}
